
Microsoft Visual Studio Solution File, Format Version 12.00
# Visual Studio 15
VisualStudioVersion = 15.0.27130.2010
MinimumVisualStudioVersion = 10.0.40219.1
Project("{9A19103F-16F7-4668-BE54-9A1E7A4F7556}") = "ShoppingListApp", "ShoppingListApp\ShoppingListApp.csproj", "{D4AC7518-ADD9-468B-BC16-6A698C60570E}"
EndProject
Project("{2150E333-8FDC-42A3-9474-1A3956D46DE8}") = "Solution Items", "Solution Items", "{C19E947B-34DB-48AD-BCF2-C67F2D7E7A59}"
	ProjectSection(SolutionItems) = preProject
		TODO.txt = TODO.txt
	EndProjectSection
EndProject
Project("{9A19103F-16F7-4668-BE54-9A1E7A4F7556}") = "ShoppingList.IntegrationTests", "ShoppingList.IntegrationTests\ShoppingList.IntegrationTests.csproj", "{B56A521F-E513-48F8-9507-50874224F6DE}"
EndProject
Project("{FAE04EC0-301F-11D3-BF4B-00C04F79EFBC}") = "ShoppingList.ModelTests", "ShoppingList.ModelTests\ShoppingList.ModelTests.csproj", "{47DA86ED-4DC2-49BC-884D-945FA8F94EB1}"
EndProject
Global
	GlobalSection(SolutionConfigurationPlatforms) = preSolution
		Debug|Any CPU = Debug|Any CPU
		Release|Any CPU = Release|Any CPU
	EndGlobalSection
	GlobalSection(ProjectConfigurationPlatforms) = postSolution
		{D4AC7518-ADD9-468B-BC16-6A698C60570E}.Debug|Any CPU.ActiveCfg = Debug|Any CPU
		{D4AC7518-ADD9-468B-BC16-6A698C60570E}.Debug|Any CPU.Build.0 = Debug|Any CPU
		{D4AC7518-ADD9-468B-BC16-6A698C60570E}.Release|Any CPU.ActiveCfg = Release|Any CPU
		{D4AC7518-ADD9-468B-BC16-6A698C60570E}.Release|Any CPU.Build.0 = Release|Any CPU
		{B56A521F-E513-48F8-9507-50874224F6DE}.Debug|Any CPU.ActiveCfg = Debug|Any CPU
		{B56A521F-E513-48F8-9507-50874224F6DE}.Debug|Any CPU.Build.0 = Debug|Any CPU
		{B56A521F-E513-48F8-9507-50874224F6DE}.Release|Any CPU.ActiveCfg = Release|Any CPU
		{B56A521F-E513-48F8-9507-50874224F6DE}.Release|Any CPU.Build.0 = Release|Any CPU
		{47DA86ED-4DC2-49BC-884D-945FA8F94EB1}.Debug|Any CPU.ActiveCfg = Debug|Any CPU
		{47DA86ED-4DC2-49BC-884D-945FA8F94EB1}.Debug|Any CPU.Build.0 = Debug|Any CPU
		{47DA86ED-4DC2-49BC-884D-945FA8F94EB1}.Release|Any CPU.ActiveCfg = Release|Any CPU
		{47DA86ED-4DC2-49BC-884D-945FA8F94EB1}.Release|Any CPU.Build.0 = Release|Any CPU
	EndGlobalSection
	GlobalSection(SolutionProperties) = preSolution
		HideSolutionNode = FALSE
	EndGlobalSection
	GlobalSection(ExtensibilityGlobals) = postSolution
		SolutionGuid = {3E3656DE-88EA-4D6E-828E-9DF01DEFA6E0}
	EndGlobalSection
EndGlobal
